dependencies:
- name: elasticsearch
  repository: https://wiremind.github.io/wiremind-helm-charts
  version: 8.17.0
- name: elasticsearch
  repository: https://wiremind.github.io/wiremind-helm-charts
  version: 8.17.0
- name: elasticsearch
  repository: https://wiremind.github.io/wiremind-helm-charts
  version: 8.17.0
- name: elasticsearch
  repository: https://wiremind.github.io/wiremind-helm-charts
  version: 8.17.0
- name: elasticsearch
  repository: https://wiremind.github.io/wiremind-helm-charts
  version: 8.17.0
- name: kibana
  repository: https://wiremind.github.io/wiremind-helm-charts
  version: 8.5.23
- name: prometheus-elasticsearch-exporter
  repository: https://prometheus-community.github.io/helm-charts
  version: 7.2.1
- name: cerebro
  repository: https://wiremind.github.io/wiremind-helm-charts
  version: 2.2.0
digest: sha256:dcf81ed5fa21512770c69f0ef8e45b117c342cdef7d286593075e0edc24368e5
generated: "2026-01-26T12:15:09.98068+01:00"
