dependencies:
- name: elasticsearch
  repository: https://wiremind.github.io/wiremind-helm-charts
  version: 8.18.0
- name: elasticsearch
  repository: https://wiremind.github.io/wiremind-helm-charts
  version: 8.18.0
- name: elasticsearch
  repository: https://wiremind.github.io/wiremind-helm-charts
  version: 8.18.0
- name: elasticsearch
  repository: https://wiremind.github.io/wiremind-helm-charts
  version: 8.18.0
- name: elasticsearch
  repository: https://wiremind.github.io/wiremind-helm-charts
  version: 8.18.0
- name: kibana
  repository: https://wiremind.github.io/wiremind-helm-charts
  version: 8.5.23
- name: prometheus-elasticsearch-exporter
  repository: https://prometheus-community.github.io/helm-charts
  version: 7.4.0
- name: cerebro
  repository: https://wiremind.github.io/wiremind-helm-charts
  version: 2.4.0
digest: sha256:6a28dd437921ff6524b71da0ea29c775ca81025e7a5063bf39dd36876a56f22f
generated: "2026-08-10T16:01:14.943537068+02:00"
