dependencies:
- name: zookeeper
  repository: https://charts.bitnami.com/bitnami
  version: 10.0.0
- name: postgresql
  repository: https://charts.bitnami.com/bitnami
  version: 11.6.14
- name: mysql
  repository: https://charts.bitnami.com/bitnami
  version: 9.11.1
- name: kube-hpa-scale-to-zero
  repository: https://machine424.github.io/kube-hpa-scale-to-zero
  version: 0.4.0
- name: raw
  repository: https://wiremind.github.io/wiremind-helm-charts
  version: 0.1.0
- name: druid-tasks-exporter
  repository: https://wiremind.github.io/wiremind-helm-charts
  version: 0.1.5
digest: sha256:42af3a7308d1996d9f2c4d0299e49e23eedb2f868353102e94be04e1f5339e37
generated: "2024-02-12T11:29:38.696927649+01:00"
