dependencies:
- name: zookeeper
  repository: https://charts.bitnami.com/bitnami
  version: 10.0.0
- name: postgresql
  repository: https://charts.bitnami.com/bitnami
  version: 11.6.14
- name: mysql
  repository: https://charts.bitnami.com/bitnami
  version: 9.11.1
- name: kube-hpa-scale-to-zero
  repository: https://machine424.github.io/kube-hpa-scale-to-zero
  version: 0.3.0
- name: raw
  repository: https://wiremind.github.io/wiremind-helm-charts
  version: 0.1.0
- name: druid-tasks-exporter
  repository: https://wiremind.github.io/wiremind-helm-charts
  version: 0.1.2
digest: sha256:1dd4d9210b6e33e29b127fe024e529aa7bed7bf1eac7829efe3c7f65c12baf08
generated: "2023-11-28T15:00:35.243585931+01:00"
