dependencies:
- name: zookeeper
  repository: https://charts.bitnami.com/bitnami
  version: 6.4.0
- name: postgresql
  repository: https://charts.bitnami.com/bitnami
  version: 8.6.4
- name: postgresql
  repository: https://charts.bitnami.com/bitnami
  version: 8.6.4
- name: minio
  repository: https://helm.min.io/
  version: 8.0.5
digest: sha256:5a9ebe4428dc383ab9ed9c219e8037e7808e9a1386733ac0e8683693abd6db34
generated: "2021-08-02T16:08:18.087076+02:00"
