dependencies:
- name: postgresql
  repository: https://charts.bitnami.com/bitnami
  version: 11.1.19
- name: redis
  repository: https://charts.bitnami.com/bitnami
  version: 16.8.5
- name: rabbitmq
  repository: https://charts.bitnami.com/bitnami
  version: 8.31.4
- name: prometheus-rabbitmq-exporter
  repository: https://prometheus-community.github.io/helm-charts
  version: 1.2.0
digest: sha256:86a10a53cf0d1a30059bddd471bfd21e0972ff633f2acbbb3acabffea2004ac2
generated: "2022-04-15T18:48:22.330151+02:00"
