dependencies:
- name: postgresql
  repository: https://charts.bitnami.com/bitnami
  version: 11.1.11
- name: redis
  repository: https://charts.bitnami.com/bitnami
  version: 16.6.0
- name: rabbitmq
  repository: https://charts.bitnami.com/bitnami
  version: 8.30.3
- name: prometheus-rabbitmq-exporter
  repository: https://prometheus-community.github.io/helm-charts
  version: 1.1.0
digest: sha256:16f391330ca391863f339ec3bf2a5bafd014865dbea884b82dcbe3be4538c359
generated: "2022-03-28T12:44:02.251649+02:00"
