dependencies:
- name: postgresql
  repository: https://charts.bitnami.com/bitnami
  version: 11.1.19
- name: redis
  repository: https://charts.bitnami.com/bitnami
  version: 16.8.5
- name: rabbitmq
  repository: https://charts.bitnami.com/bitnami
  version: 8.31.4
- name: prometheus-rabbitmq-exporter
  repository: https://prometheus-community.github.io/helm-charts
  version: 1.2.0
digest: sha256:4c40506cab6a9665163ba9a834ce680c70226e4cee46033ce356e75a2ba919ee
generated: "2022-04-15T18:22:49.219076+02:00"
